// !$*UTF8*$!
{
	archiveVersion = 1;
	classes = {
	};
	objectVersion = 56;
	objects = {

/* Begin PBXBuildFile section */
		615B66562B579A9C00C38A98 /* .gitignore in Resources */ = {isa = PBXBuildFile; fileRef = 615B66552B579A9C00C38A98 /* .gitignore */; };
		615B66582B579AB000C38A98 /* APIKey.swift in Sources */ = {isa = PBXBuildFile; fileRef = 615B66572B579AB000C38A98 /* APIKey.swift */; };
		615B665C2B579BDA00C38A98 /* BookViewController.swift in Sources */ = {isa = PBXBuildFile; fileRef = 615B665B2B579BDA00C38A98 /* BookViewController.swift */; };
		615B665E2B579C2600C38A98 /* Book.swift in Sources */ = {isa = PBXBuildFile; fileRef = 615B665D2B579C2600C38A98 /* Book.swift */; };
		615B66602B579EA700C38A98 /* TranslateViewController.swift in Sources */ = {isa = PBXBuildFile; fileRef = 615B665F2B579EA700C38A98 /* TranslateViewController.swift */; };
		615B66622B57A55900C38A98 /* Papago.swift in Sources */ = {isa = PBXBuildFile; fileRef = 615B66612B57A55900C38A98 /* Papago.swift */; };
		615B666B2B57AF2800C38A98 /* LanguageViewController.swift in Sources */ = {isa = PBXBuildFile; fileRef = 615B666A2B57AF2800C38A98 /* LanguageViewController.swift */; };
		61E2C81D2B57B56700988F7F /* LangTableViewCell.swift in Sources */ = {isa = PBXBuildFile; fileRef = 61E2C81B2B57B56700988F7F /* LangTableViewCell.swift */; };
		61E2C81E2B57B56700988F7F /* LangTableViewCell.xib in Resources */ = {isa = PBXBuildFile; fileRef = 61E2C81C2B57B56700988F7F /* LangTableViewCell.xib */; };
		61F1A3262B5663E4002AAACC /* AppDelegate.swift in Sources */ = {isa = PBXBuildFile; fileRef = 61F1A3252B5663E4002AAACC /* AppDelegate.swift */; };
		61F1A3282B5663E4002AAACC /* SceneDelegate.swift in Sources */ = {isa = PBXBuildFile; fileRef = 61F1A3272B5663E4002AAACC /* SceneDelegate.swift */; };
		61F1A32A2B5663E4002AAACC /* LottoViewController.swift in Sources */ = {isa = PBXBuildFile; fileRef = 61F1A3292B5663E4002AAACC /* LottoViewController.swift */; };
		61F1A32D2B5663E4002AAACC /* Main.storyboard in Resources */ = {isa = PBXBuildFile; fileRef = 61F1A32B2B5663E4002AAACC /* Main.storyboard */; };
		61F1A32F2B5663E7002AAACC /* Assets.xcassets in Resources */ = {isa = PBXBuildFile; fileRef = 61F1A32E2B5663E7002AAACC /* Assets.xcassets */; };
		61F1A3322B5663E7002AAACC /* LaunchScreen.storyboard in Resources */ = {isa = PBXBuildFile; fileRef = 61F1A3302B5663E7002AAACC /* LaunchScreen.storyboard */; };
		61F1A33B2B567091002AAACC /* Lotto.swift in Sources */ = {isa = PBXBuildFile; fileRef = 61F1A33A2B567091002AAACC /* Lotto.swift */; };
		61F1A33E2B5670B0002AAACC /* LottoAPIManager.swift in Sources */ = {isa = PBXBuildFile; fileRef = 61F1A33D2B5670B0002AAACC /* LottoAPIManager.swift */; };
		61F1A3412B5670C8002AAACC /* Alamofire in Frameworks */ = {isa = PBXBuildFile; productRef = 61F1A3402B5670C8002AAACC /* Alamofire */; };
		61F1A3442B567265002AAACC /* UILabel+Extension.swift in Sources */ = {isa = PBXBuildFile; fileRef = 61F1A3432B567265002AAACC /* UILabel+Extension.swift */; };
		61F1A3482B567878002AAACC /* String+Extension.swift in Sources */ = {isa = PBXBuildFile; fileRef = 61F1A3472B567878002AAACC /* String+Extension.swift */; };
		61F1A34A2B567DD6002AAACC /* BeerAPIManager.swift in Sources */ = {isa = PBXBuildFile; fileRef = 61F1A3492B567DD6002AAACC /* BeerAPIManager.swift */; };
		61F1A34C2B567E17002AAACC /* Beer.swift in Sources */ = {isa = PBXBuildFile; fileRef = 61F1A34B2B567E17002AAACC /* Beer.swift */; };
		61F1A34F2B568228002AAACC /* Kingfisher in Frameworks */ = {isa = PBXBuildFile; productRef = 61F1A34E2B568228002AAACC /* Kingfisher */; };
		61F1A3512B568361002AAACC /* BeerViewController.swift in Sources */ = {isa = PBXBuildFile; fileRef = 61F1A3502B568361002AAACC /* BeerViewController.swift */; };
		61F1A3542B56838C002AAACC /* Protocol.swift in Sources */ = {isa = PBXBuildFile; fileRef = 61F1A3532B56838C002AAACC /* Protocol.swift */; };
		61F1A3582B568425002AAACC /* BeerInfoCollectionViewCell.swift in Sources */ = {isa = PBXBuildFile; fileRef = 61F1A3562B568425002AAACC /* BeerInfoCollectionViewCell.swift */; };
		61F1A3592B568425002AAACC /* BeerInfoCollectionViewCell.xib in Resources */ = {isa = PBXBuildFile; fileRef = 61F1A3572B568425002AAACC /* BeerInfoCollectionViewCell.xib */; };
		61F1A35C2B5686B5002AAACC /* BeerTableViewCell.swift in Sources */ = {isa = PBXBuildFile; fileRef = 61F1A35A2B5686B5002AAACC /* BeerTableViewCell.swift */; };
		61F1A35D2B5686B5002AAACC /* BeerTableViewCell.xib in Resources */ = {isa = PBXBuildFile; fileRef = 61F1A35B2B5686B5002AAACC /* BeerTableViewCell.xib */; };
/* End PBXBuildFile section */

/* Begin PBXFileReference section */
		615B66552B579A9C00C38A98 /* .gitignore */ = {isa = PBXFileReference; lastKnownFileType = text; path = .gitignore; sourceTree = "<group>"; };
		615B66572B579AB000C38A98 /* APIKey.swift */ = {isa = PBXFileReference; lastKnownFileType = sourcecode.swift; path = APIKey.swift; sourceTree = "<group>"; };
		615B665B2B579BDA00C38A98 /* BookViewController.swift */ = {isa = PBXFileReference; lastKnownFileType = sourcecode.swift; path = BookViewController.swift; sourceTree = "<group>"; };
		615B665D2B579C2600C38A98 /* Book.swift */ = {isa = PBXFileReference; lastKnownFileType = sourcecode.swift; path = Book.swift; sourceTree = "<group>"; };
		615B665F2B579EA700C38A98 /* TranslateViewController.swift */ = {isa = PBXFileReference; lastKnownFileType = sourcecode.swift; path = TranslateViewController.swift; sourceTree = "<group>"; };
		615B66612B57A55900C38A98 /* Papago.swift */ = {isa = PBXFileReference; lastKnownFileType = sourcecode.swift; path = Papago.swift; sourceTree = "<group>"; };
		615B666A2B57AF2800C38A98 /* LanguageViewController.swift */ = {isa = PBXFileReference; lastKnownFileType = sourcecode.swift; path = LanguageViewController.swift; sourceTree = "<group>"; };
		61E2C81B2B57B56700988F7F /* LangTableViewCell.swift */ = {isa = PBXFileReference; lastKnownFileType = sourcecode.swift; path = LangTableViewCell.swift; sourceTree = "<group>"; };
		61E2C81C2B57B56700988F7F /* LangTableViewCell.xib */ = {isa = PBXFileReference; lastKnownFileType = file.xib; path = LangTableViewCell.xib; sourceTree = "<group>"; };
		61F1A3222B5663E4002AAACC /* NetworkPractice.app */ = {isa = PBXFileReference; explicitFileType = wrapper.application; includeInIndex = 0; path = NetworkPractice.app; sourceTree = BUILT_PRODUCTS_DIR; };
		61F1A3252B5663E4002AAACC /* AppDelegate.swift */ = {isa = PBXFileReference; lastKnownFileType = sourcecode.swift; path = AppDelegate.swift; sourceTree = "<group>"; };
		61F1A3272B5663E4002AAACC /* SceneDelegate.swift */ = {isa = PBXFileReference; lastKnownFileType = sourcecode.swift; path = SceneDelegate.swift; sourceTree = "<group>"; };
		61F1A3292B5663E4002AAACC /* LottoViewController.swift */ = {isa = PBXFileReference; lastKnownFileType = sourcecode.swift; path = LottoViewController.swift; sourceTree = "<group>"; };
		61F1A32C2B5663E4002AAACC /* Base */ = {isa = PBXFileReference; lastKnownFileType = file.storyboard; name = Base; path = Base.lproj/Main.storyboard; sourceTree = "<group>"; };
		61F1A32E2B5663E7002AAACC /* Assets.xcassets */ = {isa = PBXFileReference; lastKnownFileType = folder.assetcatalog; path = Assets.xcassets; sourceTree = "<group>"; };
		61F1A3312B5663E7002AAACC /* Base */ = {isa = PBXFileReference; lastKnownFileType = file.storyboard; name = Base; path = Base.lproj/LaunchScreen.storyboard; sourceTree = "<group>"; };
		61F1A3332B5663E7002AAACC /* Info.plist */ = {isa = PBXFileReference; lastKnownFileType = text.plist.xml; path = Info.plist; sourceTree = "<group>"; };
		61F1A33A2B567091002AAACC /* Lotto.swift */ = {isa = PBXFileReference; lastKnownFileType = sourcecode.swift; path = Lotto.swift; sourceTree = "<group>"; };
		61F1A33D2B5670B0002AAACC /* LottoAPIManager.swift */ = {isa = PBXFileReference; lastKnownFileType = sourcecode.swift; path = LottoAPIManager.swift; sourceTree = "<group>"; };
		61F1A3432B567265002AAACC /* UILabel+Extension.swift */ = {isa = PBXFileReference; lastKnownFileType = sourcecode.swift; path = "UILabel+Extension.swift"; sourceTree = "<group>"; };
		61F1A3472B567878002AAACC /* String+Extension.swift */ = {isa = PBXFileReference; lastKnownFileType = sourcecode.swift; path = "String+Extension.swift"; sourceTree = "<group>"; };
		61F1A3492B567DD6002AAACC /* BeerAPIManager.swift */ = {isa = PBXFileReference; lastKnownFileType = sourcecode.swift; path = BeerAPIManager.swift; sourceTree = "<group>"; };
		61F1A34B2B567E17002AAACC /* Beer.swift */ = {isa = PBXFileReference; lastKnownFileType = sourcecode.swift; path = Beer.swift; sourceTree = "<group>"; };
		61F1A3502B568361002AAACC /* BeerViewController.swift */ = {isa = PBXFileReference; lastKnownFileType = sourcecode.swift; path = BeerViewController.swift; sourceTree = "<group>"; };
		61F1A3532B56838C002AAACC /* Protocol.swift */ = {isa = PBXFileReference; lastKnownFileType = sourcecode.swift; path = Protocol.swift; sourceTree = "<group>"; };
		61F1A3562B568425002AAACC /* BeerInfoCollectionViewCell.swift */ = {isa = PBXFileReference; lastKnownFileType = sourcecode.swift; path = BeerInfoCollectionViewCell.swift; sourceTree = "<group>"; };
		61F1A3572B568425002AAACC /* BeerInfoCollectionViewCell.xib */ = {isa = PBXFileReference; lastKnownFileType = file.xib; path = BeerInfoCollectionViewCell.xib; sourceTree = "<group>"; };
		61F1A35A2B5686B5002AAACC /* BeerTableViewCell.swift */ = {isa = PBXFileReference; lastKnownFileType = sourcecode.swift; path = BeerTableViewCell.swift; sourceTree = "<group>"; };
		61F1A35B2B5686B5002AAACC /* BeerTableViewCell.xib */ = {isa = PBXFileReference; lastKnownFileType = file.xib; path = BeerTableViewCell.xib; sourceTree = "<group>"; };
/* End PBXFileReference section */

/* Begin PBXFrameworksBuildPhase section */
		61F1A31F2B5663E4002AAACC /* Frameworks */ = {
			isa = PBXFrameworksBuildPhase;
			buildActionMask = 2147483647;
			files = (
				61F1A34F2B568228002AAACC /* Kingfisher in Frameworks */,
				61F1A3412B5670C8002AAACC /* Alamofire in Frameworks */,
			);
			runOnlyForDeploymentPostprocessing = 0;
		};
/* End PBXFrameworksBuildPhase section */

/* Begin PBXGroup section */
		615B66592B579BAE00C38A98 /* Beer */ = {
			isa = PBXGroup;
			children = (
				61F1A3562B568425002AAACC /* BeerInfoCollectionViewCell.swift */,
				61F1A3572B568425002AAACC /* BeerInfoCollectionViewCell.xib */,
				61F1A35A2B5686B5002AAACC /* BeerTableViewCell.swift */,
				61F1A35B2B5686B5002AAACC /* BeerTableViewCell.xib */,
			);
			path = Beer;
			sourceTree = "<group>";
		};
		615B665A2B579BBD00C38A98 /* Book */ = {
			isa = PBXGroup;
			children = (
			);
			path = Book;
			sourceTree = "<group>";
		};
		61E2C81A2B57B55200988F7F /* Papago */ = {
			isa = PBXGroup;
			children = (
				61E2C81B2B57B56700988F7F /* LangTableViewCell.swift */,
				61E2C81C2B57B56700988F7F /* LangTableViewCell.xib */,
			);
			path = Papago;
			sourceTree = "<group>";
		};
		61F1A3192B5663E4002AAACC = {
			isa = PBXGroup;
			children = (
				615B66552B579A9C00C38A98 /* .gitignore */,
				61F1A3242B5663E4002AAACC /* NetworkPractice */,
				61F1A3232B5663E4002AAACC /* Products */,
			);
			sourceTree = "<group>";
		};
		61F1A3232B5663E4002AAACC /* Products */ = {
			isa = PBXGroup;
			children = (
				61F1A3222B5663E4002AAACC /* NetworkPractice.app */,
			);
			name = Products;
			sourceTree = "<group>";
		};
		61F1A3242B5663E4002AAACC /* NetworkPractice */ = {
			isa = PBXGroup;
			children = (
				615B66572B579AB000C38A98 /* APIKey.swift */,
				61F1A3522B56837E002AAACC /* Protocol */,
				61F1A3422B56725A002AAACC /* Extension */,
				61F1A33C2B56709B002AAACC /* Network */,
				61F1A3392B567086002AAACC /* Model */,
				61F1A3552B56840A002AAACC /* Cell */,
				61F1A3252B5663E4002AAACC /* AppDelegate.swift */,
				61F1A3272B5663E4002AAACC /* SceneDelegate.swift */,
				615B665F2B579EA700C38A98 /* TranslateViewController.swift */,
				615B665B2B579BDA00C38A98 /* BookViewController.swift */,
				61F1A3292B5663E4002AAACC /* LottoViewController.swift */,
				61F1A3502B568361002AAACC /* BeerViewController.swift */,
				61F1A32B2B5663E4002AAACC /* Main.storyboard */,
				61F1A32E2B5663E7002AAACC /* Assets.xcassets */,
				61F1A3302B5663E7002AAACC /* LaunchScreen.storyboard */,
				61F1A3332B5663E7002AAACC /* Info.plist */,
				615B666A2B57AF2800C38A98 /* LanguageViewController.swift */,
			);
			path = NetworkPractice;
			sourceTree = "<group>";
		};
		61F1A3392B567086002AAACC /* Model */ = {
			isa = PBXGroup;
			children = (
				61F1A33A2B567091002AAACC /* Lotto.swift */,
				61F1A34B2B567E17002AAACC /* Beer.swift */,
				615B665D2B579C2600C38A98 /* Book.swift */,
				615B66612B57A55900C38A98 /* Papago.swift */,
			);
			path = Model;
			sourceTree = "<group>";
		};
		61F1A33C2B56709B002AAACC /* Network */ = {
			isa = PBXGroup;
			children = (
				61F1A33D2B5670B0002AAACC /* LottoAPIManager.swift */,
				61F1A3492B567DD6002AAACC /* BeerAPIManager.swift */,
			);
			path = Network;
			sourceTree = "<group>";
		};
		61F1A3422B56725A002AAACC /* Extension */ = {
			isa = PBXGroup;
			children = (
				61F1A3432B567265002AAACC /* UILabel+Extension.swift */,
				61F1A3472B567878002AAACC /* String+Extension.swift */,
			);
			path = Extension;
			sourceTree = "<group>";
		};
		61F1A3522B56837E002AAACC /* Protocol */ = {
			isa = PBXGroup;
			children = (
				61F1A3532B56838C002AAACC /* Protocol.swift */,
			);
			path = Protocol;
			sourceTree = "<group>";
		};
		61F1A3552B56840A002AAACC /* Cell */ = {
			isa = PBXGroup;
			children = (
				61E2C81A2B57B55200988F7F /* Papago */,
				615B665A2B579BBD00C38A98 /* Book */,
				615B66592B579BAE00C38A98 /* Beer */,
			);
			path = Cell;
			sourceTree = "<group>";
		};
/* End PBXGroup section */

/* Begin PBXNativeTarget section */
		61F1A3212B5663E4002AAACC /* NetworkPractice */ = {
			isa = PBXNativeTarget;
			buildConfigurationList = 61F1A3362B5663E7002AAACC /* Build configuration list for PBXNativeTarget "NetworkPractice" */;
			buildPhases = (
				61F1A31E2B5663E4002AAACC /* Sources */,
				61F1A31F2B5663E4002AAACC /* Frameworks */,
				61F1A3202B5663E4002AAACC /* Resources */,
			);
			buildRules = (
			);
			dependencies = (
			);
			name = NetworkPractice;
			packageProductDependencies = (
				61F1A3402B5670C8002AAACC /* Alamofire */,
				61F1A34E2B568228002AAACC /* Kingfisher */,
			);
			productName = NetworkPractice;
			productReference = 61F1A3222B5663E4002AAACC /* NetworkPractice.app */;
			productType = "com.apple.product-type.application";
		};
/* End PBXNativeTarget section */

/* Begin PBXProject section */
		61F1A31A2B5663E4002AAACC /* Project object */ = {
			isa = PBXProject;
			attributes = {
				BuildIndependentTargetsInParallel = 1;
				LastSwiftUpdateCheck = 1510;
				LastUpgradeCheck = 1510;
				TargetAttributes = {
					61F1A3212B5663E4002AAACC = {
						CreatedOnToolsVersion = 15.1;
					};
				};
			};
			buildConfigurationList = 61F1A31D2B5663E4002AAACC /* Build configuration list for PBXProject "NetworkPractice" */;
			compatibilityVersion = "Xcode 14.0";
			developmentRegion = en;
			hasScannedForEncodings = 0;
			knownRegions = (
				en,
				Base,
			);
			mainGroup = 61F1A3192B5663E4002AAACC;
			packageReferences = (
				61F1A33F2B5670C8002AAACC /* XCRemoteSwiftPackageReference "Alamofire" */,
				61F1A34D2B568228002AAACC /* XCRemoteSwiftPackageReference "Kingfisher" */,
			);
			productRefGroup = 61F1A3232B5663E4002AAACC /* Products */;
			projectDirPath = "";
			projectRoot = "";
			targets = (
				61F1A3212B5663E4002AAACC /* NetworkPractice */,
			);
		};
/* End PBXProject section */

/* Begin PBXResourcesBuildPhase section */
		61F1A3202B5663E4002AAACC /* Resources */ = {
			isa = PBXResourcesBuildPhase;
			buildActionMask = 2147483647;
			files = (
				61F1A3592B568425002AAACC /* BeerInfoCollectionViewCell.xib in Resources */,
				61F1A35D2B5686B5002AAACC /* BeerTableViewCell.xib in Resources */,
				61F1A3322B5663E7002AAACC /* LaunchScreen.storyboard in Resources */,
				61F1A32F2B5663E7002AAACC /* Assets.xcassets in Resources */,
				615B66562B579A9C00C38A98 /* .gitignore in Resources */,
				61E2C81E2B57B56700988F7F /* LangTableViewCell.xib in Resources */,
				61F1A32D2B5663E4002AAACC /* Main.storyboard in Resources */,
			);
			runOnlyForDeploymentPostprocessing = 0;
		};
/* End PBXResourcesBuildPhase section */

/* Begin PBXSourcesBuildPhase section */
		61F1A31E2B5663E4002AAACC /* Sources */ = {
			isa = PBXSourcesBuildPhase;
			buildActionMask = 2147483647;
			files = (
				615B665E2B579C2600C38A98 /* Book.swift in Sources */,
				61F1A3512B568361002AAACC /* BeerViewController.swift in Sources */,
				61F1A33B2B567091002AAACC /* Lotto.swift in Sources */,
				61F1A34C2B567E17002AAACC /* Beer.swift in Sources */,
				61F1A3482B567878002AAACC /* String+Extension.swift in Sources */,
				61F1A3582B568425002AAACC /* BeerInfoCollectionViewCell.swift in Sources */,
				61F1A34A2B567DD6002AAACC /* BeerAPIManager.swift in Sources */,
				61F1A33E2B5670B0002AAACC /* LottoAPIManager.swift in Sources */,
				61F1A3542B56838C002AAACC /* Protocol.swift in Sources */,
				615B66622B57A55900C38A98 /* Papago.swift in Sources */,
				615B66582B579AB000C38A98 /* APIKey.swift in Sources */,
				61E2C81D2B57B56700988F7F /* LangTableViewCell.swift in Sources */,
				61F1A3442B567265002AAACC /* UILabel+Extension.swift in Sources */,
				615B66602B579EA700C38A98 /* TranslateViewController.swift in Sources */,
				61F1A35C2B5686B5002AAACC /* BeerTableViewCell.swift in Sources */,
				61F1A32A2B5663E4002AAACC /* LottoViewController.swift in Sources */,
				615B665C2B579BDA00C38A98 /* BookViewController.swift in Sources */,
				61F1A3262B5663E4002AAACC /* AppDelegate.swift in Sources */,
				615B666B2B57AF2800C38A98 /* LanguageViewController.swift in Sources */,
				61F1A3282B5663E4002AAACC /* SceneDelegate.swift in Sources */,
			);
			runOnlyForDeploymentPostprocessing = 0;
		};
/* End PBXSourcesBuildPhase section */

/* Begin PBXVariantGroup section */
		61F1A32B2B5663E4002AAACC /* Main.storyboard */ = {
			isa = PBXVariantGroup;
			children = (
				61F1A32C2B5663E4002AAACC /* Base */,
			);
			name = Main.storyboard;
			sourceTree = "<group>";
		};
		61F1A3302B5663E7002AAACC /* LaunchScreen.storyboard */ = {
			isa = PBXVariantGroup;
			children = (
				61F1A3312B5663E7002AAACC /* Base */,
			);
			name = LaunchScreen.storyboard;
			sourceTree = "<group>";
		};
/* End PBXVariantGroup section */

/* Begin XCBuildConfiguration section */
		61F1A3342B5663E7002AAACC /* Debug */ = {
			isa = XCBuildConfiguration;
			buildSettings = {
				ALWAYS_SEARCH_USER_PATHS = NO;
				ASSETCATALOG_COMPILER_GENERATE_SWIFT_ASSET_SYMBOL_EXTENSIONS = YES;
				CLANG_ANALYZER_NONNULL = YES;
				CLANG_ANALYZER_NUMBER_OBJECT_CONVERSION = YES_AGGRESSIVE;
				CLANG_CXX_LANGUAGE_STANDARD = "gnu++20";
				CLANG_ENABLE_MODULES = YES;
				CLANG_ENABLE_OBJC_ARC = YES;
				CLANG_ENABLE_OBJC_WEAK = YES;
				CLANG_WARN_BLOCK_CAPTURE_AUTORELEASING = YES;
				CLANG_WARN_BOOL_CONVERSION = YES;
				CLANG_WARN_COMMA = YES;
				CLANG_WARN_CONSTANT_CONVERSION = YES;
				CLANG_WARN_DEPRECATED_OBJC_IMPLEMENTATIONS = YES;
				CLANG_WARN_DIRECT_OBJC_ISA_USAGE = YES_ERROR;
				CLANG_WARN_DOCUMENTATION_COMMENTS = YES;
				CLANG_WARN_EMPTY_BODY = YES;
				CLANG_WARN_ENUM_CONVERSION = YES;
				CLANG_WARN_INFINITE_RECURSION = YES;
				CLANG_WARN_INT_CONVERSION = YES;
				CLANG_WARN_NON_LITERAL_NULL_CONVERSION = YES;
				CLANG_WARN_OBJC_IMPLICIT_RETAIN_SELF = YES;
				CLANG_WARN_OBJC_LITERAL_CONVERSION = YES;
				CLANG_WARN_OBJC_ROOT_CLASS = YES_ERROR;
				CLANG_WARN_QUOTED_INCLUDE_IN_FRAMEWORK_HEADER = YES;
				CLANG_WARN_RANGE_LOOP_ANALYSIS = YES;
				CLANG_WARN_STRICT_PROTOTYPES = YES;
				CLANG_WARN_SUSPICIOUS_MOVE = YES;
				CLANG_WARN_UNGUARDED_AVAILABILITY = YES_AGGRESSIVE;
				CLANG_WARN_UNREACHABLE_CODE = YES;
				CLANG_WARN__DUPLICATE_METHOD_MATCH = YES;
				COPY_PHASE_STRIP = NO;
				DEBUG_INFORMATION_FORMAT = dwarf;
				ENABLE_STRICT_OBJC_MSGSEND = YES;
				ENABLE_TESTABILITY = YES;
				ENABLE_USER_SCRIPT_SANDBOXING = YES;
				GCC_C_LANGUAGE_STANDARD = gnu17;
				GCC_DYNAMIC_NO_PIC = NO;
				GCC_NO_COMMON_BLOCKS = YES;
				GCC_OPTIMIZATION_LEVEL = 0;
				GCC_PREPROCESSOR_DEFINITIONS = (
					"DEBUG=1",
					"$(inherited)",
				);
				GCC_WARN_64_TO_32_BIT_CONVERSION = YES;
				GCC_WARN_ABOUT_RETURN_TYPE = YES_ERROR;
				GCC_WARN_UNDECLARED_SELECTOR = YES;
				GCC_WARN_UNINITIALIZED_AUTOS = YES_AGGRESSIVE;
				GCC_WARN_UNUSED_FUNCTION = YES;
				GCC_WARN_UNUSED_VARIABLE = YES;
				IPHONEOS_DEPLOYMENT_TARGET = 17.2;
				LOCALIZATION_PREFERS_STRING_CATALOGS = YES;
				MTL_ENABLE_DEBUG_INFO = INCLUDE_SOURCE;
				MTL_FAST_MATH = YES;
				ONLY_ACTIVE_ARCH = YES;
				SDKROOT = iphoneos;
				SWIFT_ACTIVE_COMPILATION_CONDITIONS = "DEBUG $(inherited)";
				SWIFT_OPTIMIZATION_LEVEL = "-Onone";
			};
			name = Debug;
		};
		61F1A3352B5663E7002AAACC /* Release */ = {
			isa = XCBuildConfiguration;
			buildSettings = {
				ALWAYS_SEARCH_USER_PATHS = NO;
				ASSETCATALOG_COMPILER_GENERATE_SWIFT_ASSET_SYMBOL_EXTENSIONS = YES;
				CLANG_ANALYZER_NONNULL = YES;
				CLANG_ANALYZER_NUMBER_OBJECT_CONVERSION = YES_AGGRESSIVE;
				CLANG_CXX_LANGUAGE_STANDARD = "gnu++20";
				CLANG_ENABLE_MODULES = YES;
				CLANG_ENABLE_OBJC_ARC = YES;
				CLANG_ENABLE_OBJC_WEAK = YES;
				CLANG_WARN_BLOCK_CAPTURE_AUTORELEASING = YES;
				CLANG_WARN_BOOL_CONVERSION = YES;
				CLANG_WARN_COMMA = YES;
				CLANG_WARN_CONSTANT_CONVERSION = YES;
				CLANG_WARN_DEPRECATED_OBJC_IMPLEMENTATIONS = YES;
				CLANG_WARN_DIRECT_OBJC_ISA_USAGE = YES_ERROR;
				CLANG_WARN_DOCUMENTATION_COMMENTS = YES;
				CLANG_WARN_EMPTY_BODY = YES;
				CLANG_WARN_ENUM_CONVERSION = YES;
				CLANG_WARN_INFINITE_RECURSION = YES;
				CLANG_WARN_INT_CONVERSION = YES;
				CLANG_WARN_NON_LITERAL_NULL_CONVERSION = YES;
				CLANG_WARN_OBJC_IMPLICIT_RETAIN_SELF = YES;
				CLANG_WARN_OBJC_LITERAL_CONVERSION = YES;
				CLANG_WARN_OBJC_ROOT_CLASS = YES_ERROR;
				CLANG_WARN_QUOTED_INCLUDE_IN_FRAMEWORK_HEADER = YES;
				CLANG_WARN_RANGE_LOOP_ANALYSIS = YES;
				CLANG_WARN_STRICT_PROTOTYPES = YES;
				CLANG_WARN_SUSPICIOUS_MOVE = YES;
				CLANG_WARN_UNGUARDED_AVAILABILITY = YES_AGGRESSIVE;
				CLANG_WARN_UNREACHABLE_CODE = YES;
				CLANG_WARN__DUPLICATE_METHOD_MATCH = YES;
				COPY_PHASE_STRIP = NO;
				DEBUG_INFORMATION_FORMAT = "dwarf-with-dsym";
				ENABLE_NS_ASSERTIONS = NO;
				ENABLE_STRICT_OBJC_MSGSEND = YES;
				ENABLE_USER_SCRIPT_SANDBOXING = YES;
				GCC_C_LANGUAGE_STANDARD = gnu17;
				GCC_NO_COMMON_BLOCKS = YES;
				GCC_WARN_64_TO_32_BIT_CONVERSION = YES;
				GCC_WARN_ABOUT_RETURN_TYPE = YES_ERROR;
				GCC_WARN_UNDECLARED_SELECTOR = YES;
				GCC_WARN_UNINITIALIZED_AUTOS = YES_AGGRESSIVE;
				GCC_WARN_UNUSED_FUNCTION = YES;
				GCC_WARN_UNUSED_VARIABLE = YES;
				IPHONEOS_DEPLOYMENT_TARGET = 17.2;
				LOCALIZATION_PREFERS_STRING_CATALOGS = YES;
				MTL_ENABLE_DEBUG_INFO = NO;
				MTL_FAST_MATH = YES;
				SDKROOT = iphoneos;
				SWIFT_COMPILATION_MODE = wholemodule;
				VALIDATE_PRODUCT = YES;
			};
			name = Release;
		};
		61F1A3372B5663E7002AAACC /* Debug */ = {
			isa = XCBuildConfiguration;
			buildSettings = {
				ASSETCATALOG_COMPILER_APPICON_NAME = AppIcon;
				ASSETCATALOG_COMPILER_GLOBAL_ACCENT_COLOR_NAME = AccentColor;
				CODE_SIGN_STYLE = Automatic;
				CURRENT_PROJECT_VERSION = 1;
				DEVELOPMENT_TEAM = T2Q8P9627P;
				GENERATE_INFOPLIST_FILE = YES;
				INFOPLIST_FILE = NetworkPractice/Info.plist;
				INFOPLIST_KEY_UIApplicationSupportsIndirectInputEvents = YES;
				INFOPLIST_KEY_UILaunchStoryboardName = LaunchScreen;
				INFOPLIST_KEY_UIMainStoryboardFile = Main;
				INFOPLIST_KEY_UISupportedInterfaceOrientations_iPad = "UIInterfaceOrientationPortrait UIInterfaceOrientationPortraitUpsideDown UIInterfaceOrientationLandscapeLeft UIInterfaceOrientationLandscapeRight";
				INFOPLIST_KEY_UISupportedInterfaceOrientations_iPhone = "UIInterfaceOrientationPortrait UIInterfaceOrientationLandscapeLeft UIInterfaceOrientationLandscapeRight";
				LD_RUNPATH_SEARCH_PATHS = (
					"$(inherited)",
					"@executable_path/Frameworks",
				);
				MARKETING_VERSION = 1.0;
				PRODUCT_BUNDLE_IDENTIFIER = dev.yujin.NetworkPractice;
				PRODUCT_NAME = "$(TARGET_NAME)";
				SWIFT_EMIT_LOC_STRINGS = YES;
				SWIFT_VERSION = 5.0;
				TARGETED_DEVICE_FAMILY = "1,2";
			};
			name = Debug;
		};
		61F1A3382B5663E7002AAACC /* Release */ = {
			isa = XCBuildConfiguration;
			buildSettings = {
				ASSETCATALOG_COMPILER_APPICON_NAME = AppIcon;
				ASSETCATALOG_COMPILER_GLOBAL_ACCENT_COLOR_NAME = AccentColor;
				CODE_SIGN_STYLE = Automatic;
				CURRENT_PROJECT_VERSION = 1;
				DEVELOPMENT_TEAM = T2Q8P9627P;
				GENERATE_INFOPLIST_FILE = YES;
				INFOPLIST_FILE = NetworkPractice/Info.plist;
				INFOPLIST_KEY_UIApplicationSupportsIndirectInputEvents = YES;
				INFOPLIST_KEY_UILaunchStoryboardName = LaunchScreen;
				INFOPLIST_KEY_UIMainStoryboardFile = Main;
				INFOPLIST_KEY_UISupportedInterfaceOrientations_iPad = "UIInterfaceOrientationPortrait UIInterfaceOrientationPortraitUpsideDown UIInterfaceOrientationLandscapeLeft UIInterfaceOrientationLandscapeRight";
				INFOPLIST_KEY_UISupportedInterfaceOrientations_iPhone = "UIInterfaceOrientationPortrait UIInterfaceOrientationLandscapeLeft UIInterfaceOrientationLandscapeRight";
				LD_RUNPATH_SEARCH_PATHS = (
					"$(inherited)",
					"@executable_path/Frameworks",
				);
				MARKETING_VERSION = 1.0;
				PRODUCT_BUNDLE_IDENTIFIER = dev.yujin.NetworkPractice;
				PRODUCT_NAME = "$(TARGET_NAME)";
				SWIFT_EMIT_LOC_STRINGS = YES;
				SWIFT_VERSION = 5.0;
				TARGETED_DEVICE_FAMILY = "1,2";
			};
			name = Release;
		};
/* End XCBuildConfiguration section */

/* Begin XCConfigurationList section */
		61F1A31D2B5663E4002AAACC /* Build configuration list for PBXProject "NetworkPractice" */ = {
			isa = XCConfigurationList;
			buildConfigurations = (
				61F1A3342B5663E7002AAACC /* Debug */,
				61F1A3352B5663E7002AAACC /* Release */,
			);
			defaultConfigurationIsVisible = 0;
			defaultConfigurationName = Release;
		};
		61F1A3362B5663E7002AAACC /* Build configuration list for PBXNativeTarget "NetworkPractice" */ = {
			isa = XCConfigurationList;
			buildConfigurations = (
				61F1A3372B5663E7002AAACC /* Debug */,
				61F1A3382B5663E7002AAACC /* Release */,
			);
			defaultConfigurationIsVisible = 0;
			defaultConfigurationName = Release;
		};
/* End XCConfigurationList section */

/* Begin XCRemoteSwiftPackageReference section */
		61F1A33F2B5670C8002AAACC /* XCRemoteSwiftPackageReference "Alamofire" */ = {
			isa = XCRemoteSwiftPackageReference;
			repositoryURL = "https://github.com/Alamofire/Alamofire";
			requirement = {
				kind = upToNextMajorVersion;
				minimumVersion = 5.8.1;
			};
		};
		61F1A34D2B568228002AAACC /* XCRemoteSwiftPackageReference "Kingfisher" */ = {
			isa = XCRemoteSwiftPackageReference;
			repositoryURL = "https://github.com/onevcat/Kingfisher";
			requirement = {
				kind = upToNextMajorVersion;
				minimumVersion = 7.10.2;
			};
		};
/* End XCRemoteSwiftPackageReference section */

/* Begin XCSwiftPackageProductDependency section */
		61F1A3402B5670C8002AAACC /* Alamofire */ = {
			isa = XCSwiftPackageProductDependency;
			package = 61F1A33F2B5670C8002AAACC /* XCRemoteSwiftPackageReference "Alamofire" */;
			productName = Alamofire;
		};
		61F1A34E2B568228002AAACC /* Kingfisher */ = {
			isa = XCSwiftPackageProductDependency;
			package = 61F1A34D2B568228002AAACC /* XCRemoteSwiftPackageReference "Kingfisher" */;
			productName = Kingfisher;
		};
/* End XCSwiftPackageProductDependency section */
	};
	rootObject = 61F1A31A2B5663E4002AAACC /* Project object */;
}
